// !$*UTF8*$!
{
	archiveVersion = 1;
	classes = {
	};
	objectVersion = 51;
	objects = {

/* Begin PBXBuildFile section */
		0317A03324631F5E00554E13 /* RollsThirdViewController.swift in Sources */ = {isa = PBXBuildFile; fileRef = 0317A03224631F5E00554E13 /* RollsThirdViewController.swift */; };
		0317A03824646B0900554E13 /* SummaryRollDetailsCollectionViewCell.swift in Sources */ = {isa = PBXBuildFile; fileRef = 0317A03724646B0900554E13 /* SummaryRollDetailsCollectionViewCell.swift */; };
		031D1CF52461C47E0027A17C /* BasicSecondViewController.swift in Sources */ = {isa = PBXBuildFile; fileRef = 031D1CF42461C47E0027A17C /* BasicSecondViewController.swift */; };
		0363D6B624668C7100B106FE /* SummaryBottomCollectionViewCell.swift in Sources */ = {isa = PBXBuildFile; fileRef = 0363D6B524668C7100B106FE /* SummaryBottomCollectionViewCell.swift */; };
		0368C58F2466A7A1006533D7 /* ImageListCollectionViewCell.swift in Sources */ = {isa = PBXBuildFile; fileRef = 0368C58E2466A7A1006533D7 /* ImageListCollectionViewCell.swift */; };
		0368C5942466DF80006533D7 /* HomeCollectionViewCell.swift in Sources */ = {isa = PBXBuildFile; fileRef = 0368C5932466DF80006533D7 /* HomeCollectionViewCell.swift */; };
		0368C5962466DF9C006533D7 /* HomeHeaderCollectionViewCell.swift in Sources */ = {isa = PBXBuildFile; fileRef = 0368C5952466DF9C006533D7 /* HomeHeaderCollectionViewCell.swift */; };
		0368C5992466E0E7006533D7 /* Helper.swift in Sources */ = {isa = PBXBuildFile; fileRef = 0368C5982466E0E7006533D7 /* Helper.swift */; };
		29C4D29792A12430C4BEBEF3 /* Pods_Inspection.framework in Frameworks */ = {isa = PBXBuildFile; fileRef = 78E6E270F8806E26B74FD2B1 /* Pods_Inspection.framework */; };
		4713BC652421F2B400BD2BC7 /* HomeViewController.swift in Sources */ = {isa = PBXBuildFile; fileRef = 4713BC642421F2B400BD2BC7 /* HomeViewController.swift */; };
		4713BC6824221F5B00BD2BC7 /* XLPagerTabStrip.framework in Frameworks */ = {isa = PBXBuildFile; fileRef = 4713BC6724221F5B00BD2BC7 /* XLPagerTabStrip.framework */; };
		4713BC6A242228A500BD2BC7 /* BasicViewController.swift in Sources */ = {isa = PBXBuildFile; fileRef = 4713BC69242228A500BD2BC7 /* BasicViewController.swift */; };
		4713BC6C2422291E00BD2BC7 /* RollsViewController.swift in Sources */ = {isa = PBXBuildFile; fileRef = 4713BC6B2422291E00BD2BC7 /* RollsViewController.swift */; };
		4717CFCF242076F000635AF7 /* iOSDropDown.framework in Frameworks */ = {isa = PBXBuildFile; fileRef = 4717CFCE242076F000635AF7 /* iOSDropDown.framework */; };
		4719EC622424DD4500A5508B /* ChecklistViewController.swift in Sources */ = {isa = PBXBuildFile; fileRef = 4719EC612424DD4500A5508B /* ChecklistViewController.swift */; };
		4719EC642424F49800A5508B /* M13Checkbox.framework in Frameworks */ = {isa = PBXBuildFile; fileRef = 4719EC632424F49800A5508B /* M13Checkbox.framework */; };
		471B2BC2241F901E000A902C /* AppDelegate.swift in Sources */ = {isa = PBXBuildFile; fileRef = 471B2BC1241F901E000A902C /* AppDelegate.swift */; };
		471B2BC7241F901E000A902C /* Main.storyboard in Resources */ = {isa = PBXBuildFile; fileRef = 471B2BC5241F901E000A902C /* Main.storyboard */; };
		471B2BC9241F901F000A902C /* Assets.xcassets in Resources */ = {isa = PBXBuildFile; fileRef = 471B2BC8241F901F000A902C /* Assets.xcassets */; };
		471B2BCC241F901F000A902C /* LaunchScreen.storyboard in Resources */ = {isa = PBXBuildFile; fileRef = 471B2BCA241F901F000A902C /* LaunchScreen.storyboard */; };
		8C11D8602484C0F300998DBB /* SettingsViewController.swift in Sources */ = {isa = PBXBuildFile; fileRef = 8C11D85F2484C0F300998DBB /* SettingsViewController.swift */; };
		8C3D5AFC2474356F00868934 /* LoginViewModel.swift in Sources */ = {isa = PBXBuildFile; fileRef = 8C3D5AFB2474356F00868934 /* LoginViewModel.swift */; };
		8C3D5AFE2474397B00868934 /* AppConst.swift in Sources */ = {isa = PBXBuildFile; fileRef = 8C3D5AFD2474397B00868934 /* AppConst.swift */; };
		8C43D8E224643C2900B7CDED /* BasicFirstViewController.swift in Sources */ = {isa = PBXBuildFile; fileRef = 8C43D8E124643C2900B7CDED /* BasicFirstViewController.swift */; };
		8C43D8E524643C5B00B7CDED /* RollsFirstCollectionViewCell.swift in Sources */ = {isa = PBXBuildFile; fileRef = 8C43D8E324643C5A00B7CDED /* RollsFirstCollectionViewCell.swift */; };
		8C43D8E624643C5B00B7CDED /* RollsFirstViewController.swift in Sources */ = {isa = PBXBuildFile; fileRef = 8C43D8E424643C5B00B7CDED /* RollsFirstViewController.swift */; };
		8C43D8EE24643CD300B7CDED /* SummaryFirstCollectionViewCell.swift in Sources */ = {isa = PBXBuildFile; fileRef = 8C43D8EC24643CD200B7CDED /* SummaryFirstCollectionViewCell.swift */; };
		8C43D8EF24643CD300B7CDED /* SummaryFirstViewController.swift in Sources */ = {isa = PBXBuildFile; fileRef = 8C43D8ED24643CD300B7CDED /* SummaryFirstViewController.swift */; };
		8C43D8F124643D4200B7CDED /* LoginViewController.swift in Sources */ = {isa = PBXBuildFile; fileRef = 8C43D8F024643D4200B7CDED /* LoginViewController.swift */; };
		8C43D8F32464454600B7CDED /* SummarySecondViewController.swift in Sources */ = {isa = PBXBuildFile; fileRef = 8C43D8F22464454600B7CDED /* SummarySecondViewController.swift */; };
		8C43D8F724646AA200B7CDED /* InspectionDataModel.xcdatamodeld in Sources */ = {isa = PBXBuildFile; fileRef = 8C43D8F524646AA200B7CDED /* InspectionDataModel.xcdatamodeld */; };
		8C4596962466895A00D357E1 /* RollDetailsCollectionViewCell.swift in Sources */ = {isa = PBXBuildFile; fileRef = 8C4596952466895A00D357E1 /* RollDetailsCollectionViewCell.swift */; };
		8C4596982466961200D357E1 /* RollsSecondViewController.swift in Sources */ = {isa = PBXBuildFile; fileRef = 8C4596972466961200D357E1 /* RollsSecondViewController.swift */; };
		8C45969A24669C9600D357E1 /* DataBaseHelper.swift in Sources */ = {isa = PBXBuildFile; fileRef = 8C45969924669C9600D357E1 /* DataBaseHelper.swift */; };
		8C495C212490DBE10015F2DB /* Localizable.strings in Resources */ = {isa = PBXBuildFile; fileRef = 8C495C1F2490DBE10015F2DB /* Localizable.strings */; };
		8C5CFB452474343A00E230AD /* WebServiceApi.swift in Sources */ = {isa = PBXBuildFile; fileRef = 8C5CFB442474343A00E230AD /* WebServiceApi.swift */; };
		8C6AAA22247924DC00EE2961 /* CheckListStruct.swift in Sources */ = {isa = PBXBuildFile; fileRef = 8C6AAA21247924DC00EE2961 /* CheckListStruct.swift */; };
		8C734F4A247A519A001B9A13 /* CheckListViewModel.swift in Sources */ = {isa = PBXBuildFile; fileRef = 8C734F49247A519A001B9A13 /* CheckListViewModel.swift */; };
		8C87A8DB2472E86300682CE2 /* SummaryStruct.swift in Sources */ = {isa = PBXBuildFile; fileRef = 8C87A8DA2472E86300682CE2 /* SummaryStruct.swift */; };
		8C8AEC65247587D70072A029 /* AppUserStruct.swift in Sources */ = {isa = PBXBuildFile; fileRef = 8C8AEC64247587D70072A029 /* AppUserStruct.swift */; };
		8C8AEC67247588FA0072A029 /* AppSettings.swift in Sources */ = {isa = PBXBuildFile; fileRef = 8C8AEC66247588FA0072A029 /* AppSettings.swift */; };
		8CA977832479221B005DF36E /* CheckListCollectionViewCell.swift in Sources */ = {isa = PBXBuildFile; fileRef = 8CA977822479221B005DF36E /* CheckListCollectionViewCell.swift */; };
		8CAD912A2461D28900968CB1 /* RollStruct.swift in Sources */ = {isa = PBXBuildFile; fileRef = 8CAD91292461D28900968CB1 /* RollStruct.swift */; };
		8CF1F8FF24648B25001661F9 /* BasicFirstStruct.swift in Sources */ = {isa = PBXBuildFile; fileRef = 8CF1F8FE24648B25001661F9 /* BasicFirstStruct.swift */; };
/* End PBXBuildFile section */

/* Begin PBXFileReference section */
		0317A03224631F5E00554E13 /* RollsThirdViewController.swift */ = {isa = PBXFileReference; lastKnownFileType = sourcecode.swift; path = RollsThirdViewController.swift; sourceTree = "<group>"; };
		0317A03724646B0900554E13 /* SummaryRollDetailsCollectionViewCell.swift */ = {isa = PBXFileReference; lastKnownFileType = sourcecode.swift; path = SummaryRollDetailsCollectionViewCell.swift; sourceTree = "<group>"; };
		031D1CF42461C47E0027A17C /* BasicSecondViewController.swift */ = {isa = PBXFileReference; lastKnownFileType = sourcecode.swift; path = BasicSecondViewController.swift; sourceTree = "<group>"; };
		0363D6B524668C7100B106FE /* SummaryBottomCollectionViewCell.swift */ = {isa = PBXFileReference; lastKnownFileType = sourcecode.swift; path = SummaryBottomCollectionViewCell.swift; sourceTree = "<group>"; };
		0368C58E2466A7A1006533D7 /* ImageListCollectionViewCell.swift */ = {isa = PBXFileReference; lastKnownFileType = sourcecode.swift; path = ImageListCollectionViewCell.swift; sourceTree = "<group>"; };
		0368C5932466DF80006533D7 /* HomeCollectionViewCell.swift */ = {isa = PBXFileReference; lastKnownFileType = sourcecode.swift; path = HomeCollectionViewCell.swift; sourceTree = "<group>"; };
		0368C5952466DF9C006533D7 /* HomeHeaderCollectionViewCell.swift */ = {isa = PBXFileReference; lastKnownFileType = sourcecode.swift; path = HomeHeaderCollectionViewCell.swift; sourceTree = "<group>"; };
		0368C5982466E0E7006533D7 /* Helper.swift */ = {isa = PBXFileReference; lastKnownFileType = sourcecode.swift; path = Helper.swift; sourceTree = "<group>"; };
		4713BC642421F2B400BD2BC7 /* HomeViewController.swift */ = {isa = PBXFileReference; lastKnownFileType = sourcecode.swift; path = HomeViewController.swift; sourceTree = "<group>"; };
		4713BC6724221F5B00BD2BC7 /* XLPagerTabStrip.framework */ = {isa = PBXFileReference; explicitFileType = wrapper.framework; path = XLPagerTabStrip.framework; sourceTree = BUILT_PRODUCTS_DIR; };
		4713BC69242228A500BD2BC7 /* BasicViewController.swift */ = {isa = PBXFileReference; lastKnownFileType = sourcecode.swift; path = BasicViewController.swift; sourceTree = "<group>"; };
		4713BC6B2422291E00BD2BC7 /* RollsViewController.swift */ = {isa = PBXFileReference; lastKnownFileType = sourcecode.swift; path = RollsViewController.swift; sourceTree = "<group>"; };
		4717CFCC2420769B00635AF7 /* iOSDropDown.framework */ = {isa = PBXFileReference; explicitFileType = wrapper.framework; path = iOSDropDown.framework; sourceTree = BUILT_PRODUCTS_DIR; };
		4717CFCE242076F000635AF7 /* iOSDropDown.framework */ = {isa = PBXFileReference; explicitFileType = wrapper.framework; path = iOSDropDown.framework; sourceTree = BUILT_PRODUCTS_DIR; };
		4719EC612424DD4500A5508B /* ChecklistViewController.swift */ = {isa = PBXFileReference; lastKnownFileType = sourcecode.swift; path = ChecklistViewController.swift; sourceTree = "<group>"; };
		4719EC632424F49800A5508B /* M13Checkbox.framework */ = {isa = PBXFileReference; explicitFileType = wrapper.framework; path = M13Checkbox.framework; sourceTree = BUILT_PRODUCTS_DIR; };
		471B2BBE241F901E000A902C /* Inspection.app */ = {isa = PBXFileReference; explicitFileType = wrapper.application; includeInIndex = 0; path = Inspection.app; sourceTree = BUILT_PRODUCTS_DIR; };
		471B2BC1241F901E000A902C /* AppDelegate.swift */ = {isa = PBXFileReference; lastKnownFileType = sourcecode.swift; path = AppDelegate.swift; sourceTree = "<group>"; };
		471B2BC6241F901E000A902C /* Base */ = {isa = PBXFileReference; lastKnownFileType = file.storyboard; name = Base; path = Base.lproj/Main.storyboard; sourceTree = "<group>"; };
		471B2BC8241F901F000A902C /* Assets.xcassets */ = {isa = PBXFileReference; lastKnownFileType = folder.assetcatalog; path = Assets.xcassets; sourceTree = "<group>"; };
		471B2BCB241F901F000A902C /* Base */ = {isa = PBXFileReference; lastKnownFileType = file.storyboard; name = Base; path = Base.lproj/LaunchScreen.storyboard; sourceTree = "<group>"; };
		471B2BCD241F901F000A902C /* Info.plist */ = {isa = PBXFileReference; lastKnownFileType = text.plist.xml; path = Info.plist; sourceTree = "<group>"; };
		78E6E270F8806E26B74FD2B1 /* Pods_Inspection.framework */ = {isa = PBXFileReference; explicitFileType = wrapper.framework; includeInIndex = 0; path = Pods_Inspection.framework; sourceTree = BUILT_PRODUCTS_DIR; };
		8C11D85F2484C0F300998DBB /* SettingsViewController.swift */ = {isa = PBXFileReference; lastKnownFileType = sourcecode.swift; path = SettingsViewController.swift; sourceTree = "<group>"; };
		8C3D5AFB2474356F00868934 /* LoginViewModel.swift */ = {isa = PBXFileReference; lastKnownFileType = sourcecode.swift; path = LoginViewModel.swift; sourceTree = "<group>"; };
		8C3D5AFD2474397B00868934 /* AppConst.swift */ = {isa = PBXFileReference; lastKnownFileType = sourcecode.swift; path = AppConst.swift; sourceTree = "<group>"; };
		8C3D5AFF2474408E00868934 /* InspectionHeader.h */ = {isa = PBXFileReference; lastKnownFileType = sourcecode.c.h; path = InspectionHeader.h; sourceTree = "<group>"; };
		8C43D8E124643C2900B7CDED /* BasicFirstViewController.swift */ = {isa = PBXFileReference; fileEncoding = 4; lastKnownFileType = sourcecode.swift; path = BasicFirstViewController.swift; sourceTree = "<group>"; };
		8C43D8E324643C5A00B7CDED /* RollsFirstCollectionViewCell.swift */ = {isa = PBXFileReference; fileEncoding = 4; lastKnownFileType = sourcecode.swift; path = RollsFirstCollectionViewCell.swift; sourceTree = "<group>"; };
		8C43D8E424643C5B00B7CDED /* RollsFirstViewController.swift */ = {isa = PBXFileReference; fileEncoding = 4; lastKnownFileType = sourcecode.swift; path = RollsFirstViewController.swift; sourceTree = "<group>"; };
		8C43D8EC24643CD200B7CDED /* SummaryFirstCollectionViewCell.swift */ = {isa = PBXFileReference; fileEncoding = 4; lastKnownFileType = sourcecode.swift; path = SummaryFirstCollectionViewCell.swift; sourceTree = "<group>"; };
		8C43D8ED24643CD300B7CDED /* SummaryFirstViewController.swift */ = {isa = PBXFileReference; fileEncoding = 4; lastKnownFileType = sourcecode.swift; path = SummaryFirstViewController.swift; sourceTree = "<group>"; };
		8C43D8F024643D4200B7CDED /* LoginViewController.swift */ = {isa = PBXFileReference; fileEncoding = 4; lastKnownFileType = sourcecode.swift; name = LoginViewController.swift; path = Inspection/LoginViewController.swift; sourceTree = SOURCE_ROOT; };
		8C43D8F22464454600B7CDED /* SummarySecondViewController.swift */ = {isa = PBXFileReference; lastKnownFileType = sourcecode.swift; path = SummarySecondViewController.swift; sourceTree = "<group>"; };
		8C43D8F624646AA200B7CDED /* InspectionDataModel.xcdatamodel */ = {isa = PBXFileReference; lastKnownFileType = wrapper.xcdatamodel; path = InspectionDataModel.xcdatamodel; sourceTree = "<group>"; };
		8C4596952466895A00D357E1 /* RollDetailsCollectionViewCell.swift */ = {isa = PBXFileReference; lastKnownFileType = sourcecode.swift; path = RollDetailsCollectionViewCell.swift; sourceTree = "<group>"; };
		8C4596972466961200D357E1 /* RollsSecondViewController.swift */ = {isa = PBXFileReference; lastKnownFileType = sourcecode.swift; path = RollsSecondViewController.swift; sourceTree = "<group>"; };
		8C45969924669C9600D357E1 /* DataBaseHelper.swift */ = {isa = PBXFileReference; lastKnownFileType = sourcecode.swift; path = DataBaseHelper.swift; sourceTree = "<group>"; };
		8C495C202490DBE10015F2DB /* Base */ = {isa = PBXFileReference; lastKnownFileType = text.plist.strings; name = Base; path = Base.lproj/Localizable.strings; sourceTree = "<group>"; };
		8C495C222490DBF50015F2DB /* zh-Hans */ = {isa = PBXFileReference; lastKnownFileType = text.plist.strings; name = "zh-Hans"; path = "zh-Hans.lproj/Main.strings"; sourceTree = "<group>"; };
		8C495C232490DBF60015F2DB /* zh-Hans */ = {isa = PBXFileReference; lastKnownFileType = text.plist.strings; name = "zh-Hans"; path = "zh-Hans.lproj/Localizable.strings"; sourceTree = "<group>"; };
		8C5CFB442474343A00E230AD /* WebServiceApi.swift */ = {isa = PBXFileReference; lastKnownFileType = sourcecode.swift; path = WebServiceApi.swift; sourceTree = "<group>"; };
		8C6AAA21247924DC00EE2961 /* CheckListStruct.swift */ = {isa = PBXFileReference; lastKnownFileType = sourcecode.swift; path = CheckListStruct.swift; sourceTree = "<group>"; };
		8C734F49247A519A001B9A13 /* CheckListViewModel.swift */ = {isa = PBXFileReference; lastKnownFileType = sourcecode.swift; path = CheckListViewModel.swift; sourceTree = "<group>"; };
		8C87A8DA2472E86300682CE2 /* SummaryStruct.swift */ = {isa = PBXFileReference; lastKnownFileType = sourcecode.swift; path = SummaryStruct.swift; sourceTree = "<group>"; };
		8C8AEC64247587D70072A029 /* AppUserStruct.swift */ = {isa = PBXFileReference; lastKnownFileType = sourcecode.swift; path = AppUserStruct.swift; sourceTree = "<group>"; };
		8C8AEC66247588FA0072A029 /* AppSettings.swift */ = {isa = PBXFileReference; lastKnownFileType = sourcecode.swift; path = AppSettings.swift; sourceTree = "<group>"; };
		8CA977822479221B005DF36E /* CheckListCollectionViewCell.swift */ = {isa = PBXFileReference; lastKnownFileType = sourcecode.swift; path = CheckListCollectionViewCell.swift; sourceTree = "<group>"; };
		8CAD91292461D28900968CB1 /* RollStruct.swift */ = {isa = PBXFileReference; lastKnownFileType = sourcecode.swift; path = RollStruct.swift; sourceTree = "<group>"; };
		8CF1F8FE24648B25001661F9 /* BasicFirstStruct.swift */ = {isa = PBXFileReference; lastKnownFileType = sourcecode.swift; path = BasicFirstStruct.swift; sourceTree = "<group>"; };
		A5BA398F8F3B401D4F739B1C /* Pods-Inspection.debug.xcconfig */ = {isa = PBXFileReference; includeInIndex = 1; lastKnownFileType = text.xcconfig; name = "Pods-Inspection.debug.xcconfig"; path = "Target Support Files/Pods-Inspection/Pods-Inspection.debug.xcconfig"; sourceTree = "<group>"; };
		D76B5DF36B9A605AAE4855E8 /* Pods-Inspection.release.xcconfig */ = {isa = PBXFileReference; includeInIndex = 1; lastKnownFileType = text.xcconfig; name = "Pods-Inspection.release.xcconfig"; path = "Target Support Files/Pods-Inspection/Pods-Inspection.release.xcconfig"; sourceTree = "<group>"; };
/* End PBXFileReference section */

/* Begin PBXFrameworksBuildPhase section */
		471B2BBB241F901E000A902C /* Frameworks */ = {
			isa = PBXFrameworksBuildPhase;
			buildActionMask = 2147483647;
			files = (
				4719EC642424F49800A5508B /* M13Checkbox.framework in Frameworks */,
				4713BC6824221F5B00BD2BC7 /* XLPagerTabStrip.framework in Frameworks */,
				4717CFCF242076F000635AF7 /* iOSDropDown.framework in Frameworks */,
				29C4D29792A12430C4BEBEF3 /* Pods_Inspection.framework in Frameworks */,
			);
			runOnlyForDeploymentPostprocessing = 0;
		};
/* End PBXFrameworksBuildPhase section */

/* Begin PBXGroup section */
		0317A03124631F4600554E13 /* Rolls */ = {
			isa = PBXGroup;
			children = (
				0368C58B2466A753006533D7 /* Cell */,
				8C43D8E324643C5A00B7CDED /* RollsFirstCollectionViewCell.swift */,
				8C43D8E424643C5B00B7CDED /* RollsFirstViewController.swift */,
				0317A03224631F5E00554E13 /* RollsThirdViewController.swift */,
				8C4596972466961200D357E1 /* RollsSecondViewController.swift */,
				8C45969924669C9600D357E1 /* DataBaseHelper.swift */,
			);
			path = Rolls;
			sourceTree = "<group>";
		};
		0317A03424646A6F00554E13 /* Cell */ = {
			isa = PBXGroup;
			children = (
				0317A03724646B0900554E13 /* SummaryRollDetailsCollectionViewCell.swift */,
				8C4596952466895A00D357E1 /* RollDetailsCollectionViewCell.swift */,
				0363D6B524668C7100B106FE /* SummaryBottomCollectionViewCell.swift */,
				8CA977822479221B005DF36E /* CheckListCollectionViewCell.swift */,
			);
			path = Cell;
			sourceTree = "<group>";
		};
		031D1CF12461C4040027A17C /* Basic */ = {
			isa = PBXGroup;
			children = (
				8C43D8E124643C2900B7CDED /* BasicFirstViewController.swift */,
				031D1CF42461C47E0027A17C /* BasicSecondViewController.swift */,
			);
			path = Basic;
			sourceTree = "<group>";
		};
		0368C58B2466A753006533D7 /* Cell */ = {
			isa = PBXGroup;
			children = (
				0368C58E2466A7A1006533D7 /* ImageListCollectionViewCell.swift */,
			);
			path = Cell;
			sourceTree = "<group>";
		};
		0368C5922466DF6C006533D7 /* Cell */ = {
			isa = PBXGroup;
			children = (
				0368C5932466DF80006533D7 /* HomeCollectionViewCell.swift */,
				0368C5952466DF9C006533D7 /* HomeHeaderCollectionViewCell.swift */,
			);
			path = Cell;
			sourceTree = "<group>";
		};
		0368C5972466E0CD006533D7 /* Helper */ = {
			isa = PBXGroup;
			children = (
				0368C5982466E0E7006533D7 /* Helper.swift */,
			);
			path = Helper;
			sourceTree = "<group>";
		};
		471B2BB5241F901E000A902C = {
			isa = PBXGroup;
			children = (
				471B2BC0241F901E000A902C /* Inspection */,
				471B2BBF241F901E000A902C /* Products */,
				7DB6DEEF89E42849B03B96F9 /* Pods */,
				4DDE7320B89163184AD5CEEF /* Frameworks */,
			);
			sourceTree = "<group>";
		};
		471B2BBF241F901E000A902C /* Products */ = {
			isa = PBXGroup;
			children = (
				471B2BBE241F901E000A902C /* Inspection.app */,
			);
			name = Products;
			sourceTree = "<group>";
		};
		471B2BC0241F901E000A902C /* Inspection */ = {
			isa = PBXGroup;
			children = (
				8C3D5AFA2474355A00868934 /* View Model */,
				8C5CFB432474341F00E230AD /* Services */,
				0368C5972466E0CD006533D7 /* Helper */,
				0368C5922466DF6C006533D7 /* Cell */,
				8C43D8F424646A4D00B7CDED /* Core Data */,
				8C43D8E724643C6C00B7CDED /* Summary */,
				8CAD91282461D27300968CB1 /* Model */,
				0317A03124631F4600554E13 /* Rolls */,
				031D1CF12461C4040027A17C /* Basic */,
				471B2BC1241F901E000A902C /* AppDelegate.swift */,
				8C43D8F024643D4200B7CDED /* LoginViewController.swift */,
				4713BC69242228A500BD2BC7 /* BasicViewController.swift */,
				4713BC6B2422291E00BD2BC7 /* RollsViewController.swift */,
				4713BC642421F2B400BD2BC7 /* HomeViewController.swift */,
				471B2BC5241F901E000A902C /* Main.storyboard */,
				471B2BC8241F901F000A902C /* Assets.xcassets */,
				471B2BCA241F901F000A902C /* LaunchScreen.storyboard */,
				471B2BCD241F901F000A902C /* Info.plist */,
				8C3D5AFD2474397B00868934 /* AppConst.swift */,
				8C3D5AFF2474408E00868934 /* InspectionHeader.h */,
				8C8AEC66247588FA0072A029 /* AppSettings.swift */,
				8C11D85F2484C0F300998DBB /* SettingsViewController.swift */,
				8C495C1F2490DBE10015F2DB /* Localizable.strings */,
			);
			path = Inspection;
			sourceTree = "<group>";
		};
		4DDE7320B89163184AD5CEEF /* Frameworks */ = {
			isa = PBXGroup;
			children = (
				4719EC632424F49800A5508B /* M13Checkbox.framework */,
				4713BC6724221F5B00BD2BC7 /* XLPagerTabStrip.framework */,
				4717CFCE242076F000635AF7 /* iOSDropDown.framework */,
				4717CFCC2420769B00635AF7 /* iOSDropDown.framework */,
				78E6E270F8806E26B74FD2B1 /* Pods_Inspection.framework */,
			);
			name = Frameworks;
			sourceTree = "<group>";
		};
		7DB6DEEF89E42849B03B96F9 /* Pods */ = {
			isa = PBXGroup;
			children = (
				A5BA398F8F3B401D4F739B1C /* Pods-Inspection.debug.xcconfig */,
				D76B5DF36B9A605AAE4855E8 /* Pods-Inspection.release.xcconfig */,
			);
			path = Pods;
			sourceTree = "<group>";
		};
		8C3D5AFA2474355A00868934 /* View Model */ = {
			isa = PBXGroup;
			children = (
				8C3D5AFB2474356F00868934 /* LoginViewModel.swift */,
				8C734F49247A519A001B9A13 /* CheckListViewModel.swift */,
			);
			path = "View Model";
			sourceTree = "<group>";
		};
		8C43D8E724643C6C00B7CDED /* Summary */ = {
			isa = PBXGroup;
			children = (
				0317A03424646A6F00554E13 /* Cell */,
				4719EC612424DD4500A5508B /* ChecklistViewController.swift */,
				8C43D8EC24643CD200B7CDED /* SummaryFirstCollectionViewCell.swift */,
				8C43D8ED24643CD300B7CDED /* SummaryFirstViewController.swift */,
				8C43D8F22464454600B7CDED /* SummarySecondViewController.swift */,
			);
			path = Summary;
			sourceTree = "<group>";
		};
		8C43D8F424646A4D00B7CDED /* Core Data */ = {
			isa = PBXGroup;
			children = (
				8C43D8F524646AA200B7CDED /* InspectionDataModel.xcdatamodeld */,
			);
			path = "Core Data";
			sourceTree = "<group>";
		};
		8C5CFB432474341F00E230AD /* Services */ = {
			isa = PBXGroup;
			children = (
				8C5CFB442474343A00E230AD /* WebServiceApi.swift */,
			);
			path = Services;
			sourceTree = "<group>";
		};
		8CAD91282461D27300968CB1 /* Model */ = {
			isa = PBXGroup;
			children = (
				8CAD91292461D28900968CB1 /* RollStruct.swift */,
				8CF1F8FE24648B25001661F9 /* BasicFirstStruct.swift */,
				8C87A8DA2472E86300682CE2 /* SummaryStruct.swift */,
				8C8AEC64247587D70072A029 /* AppUserStruct.swift */,
				8C6AAA21247924DC00EE2961 /* CheckListStruct.swift */,
			);
			path = Model;
			sourceTree = "<group>";
		};
/* End PBXGroup section */

/* Begin PBXNativeTarget section */
		471B2BBD241F901E000A902C /* Inspection */ = {
			isa = PBXNativeTarget;
			buildConfigurationList = 471B2BD0241F901F000A902C /* Build configuration list for PBXNativeTarget "Inspection" */;
			buildPhases = (
				BF1EF8C1B8D023B90F77252D /* [CP] Check Pods Manifest.lock */,
				471B2BBA241F901E000A902C /* Sources */,
				471B2BBB241F901E000A902C /* Frameworks */,
				471B2BBC241F901E000A902C /* Resources */,
				DE402C4B6B03DF0B82E595A0 /* [CP] Embed Pods Frameworks */,
				EF4F0E541D438702C4C09B20 /* [CP] Copy Pods Resources */,
			);
			buildRules = (
			);
			dependencies = (
			);
			name = Inspection;
			productName = Inspection;
			productReference = 471B2BBE241F901E000A902C /* Inspection.app */;
			productType = "com.apple.product-type.application";
		};
/* End PBXNativeTarget section */

/* Begin PBXProject section */
		471B2BB6241F901E000A902C /* Project object */ = {
			isa = PBXProject;
			attributes = {
				LastSwiftUpdateCheck = 1020;
				LastUpgradeCheck = 1020;
				ORGANIZATIONNAME = CodeGreen;
				TargetAttributes = {
					471B2BBD241F901E000A902C = {
						CreatedOnToolsVersion = 10.2.1;
					};
				};
			};
			buildConfigurationList = 471B2BB9241F901E000A902C /* Build configuration list for PBXProject "Inspection" */;
			compatibilityVersion = "Xcode 9.3";
			developmentRegion = en;
			hasScannedForEncodings = 0;
			knownRegions = (
				en,
				Base,
				"zh-Hans",
			);
			mainGroup = 471B2BB5241F901E000A902C;
			productRefGroup = 471B2BBF241F901E000A902C /* Products */;
			projectDirPath = "";
			projectRoot = "";
			targets = (
				471B2BBD241F901E000A902C /* Inspection */,
			);
		};
/* End PBXProject section */

/* Begin PBXResourcesBuildPhase section */
		471B2BBC241F901E000A902C /* Resources */ = {
			isa = PBXResourcesBuildPhase;
			buildActionMask = 2147483647;
			files = (
				471B2BCC241F901F000A902C /* LaunchScreen.storyboard in Resources */,
				8C495C212490DBE10015F2DB /* Localizable.strings in Resources */,
				471B2BC9241F901F000A902C /* Assets.xcassets in Resources */,
				471B2BC7241F901E000A902C /* Main.storyboard in Resources */,
			);
			runOnlyForDeploymentPostprocessing = 0;
		};
/* End PBXResourcesBuildPhase section */

/* Begin PBXShellScriptBuildPhase section */
		BF1EF8C1B8D023B90F77252D /* [CP] Check Pods Manifest.lock */ = {
			isa = PBXShellScriptBuildPhase;
			buildActionMask = 2147483647;
			files = (
			);
			inputFileListPaths = (
			);
			inputPaths = (
				"${PODS_PODFILE_DIR_PATH}/Podfile.lock",
				"${PODS_ROOT}/Manifest.lock",
			);
			name = "[CP] Check Pods Manifest.lock";
			outputFileListPaths = (
			);
			outputPaths = (
				"$(DERIVED_FILE_DIR)/Pods-Inspection-checkManifestLockResult.txt",
			);
			runOnlyForDeploymentPostprocessing = 0;
			shellPath = /bin/sh;
			shellScript = "diff \"${PODS_PODFILE_DIR_PATH}/Podfile.lock\" \"${PODS_ROOT}/Manifest.lock\" > /dev/null\nif [ $? != 0 ] ; then\n    # print error to STDERR\n    echo \"error: The sandbox is not in sync with the Podfile.lock. Run 'pod install' or update your CocoaPods installation.\" >&2\n    exit 1\nfi\n# This output is used by Xcode 'outputs' to avoid re-running this script phase.\necho \"SUCCESS\" > \"${SCRIPT_OUTPUT_FILE_0}\"\n";
			showEnvVarsInLog = 0;
		};
		DE402C4B6B03DF0B82E595A0 /* [CP] Embed Pods Frameworks */ = {
			isa = PBXShellScriptBuildPhase;
			buildActionMask = 2147483647;
			files = (
			);
			inputFileListPaths = (
				"${PODS_ROOT}/Target Support Files/Pods-Inspection/Pods-Inspection-frameworks-${CONFIGURATION}-input-files.xcfilelist",
			);
			name = "[CP] Embed Pods Frameworks";
			outputFileListPaths = (
				"${PODS_ROOT}/Target Support Files/Pods-Inspection/Pods-Inspection-frameworks-${CONFIGURATION}-output-files.xcfilelist",
			);
			runOnlyForDeploymentPostprocessing = 0;
			shellPath = /bin/sh;
			shellScript = "\"${PODS_ROOT}/Target Support Files/Pods-Inspection/Pods-Inspection-frameworks.sh\"\n";
			showEnvVarsInLog = 0;
		};
		EF4F0E541D438702C4C09B20 /* [CP] Copy Pods Resources */ = {
			isa = PBXShellScriptBuildPhase;
			buildActionMask = 2147483647;
			files = (
			);
			inputFileListPaths = (
				"${PODS_ROOT}/Target Support Files/Pods-Inspection/Pods-Inspection-resources-${CONFIGURATION}-input-files.xcfilelist",
			);
			name = "[CP] Copy Pods Resources";
			outputFileListPaths = (
				"${PODS_ROOT}/Target Support Files/Pods-Inspection/Pods-Inspection-resources-${CONFIGURATION}-output-files.xcfilelist",
			);
			runOnlyForDeploymentPostprocessing = 0;
			shellPath = /bin/sh;
			shellScript = "\"${PODS_ROOT}/Target Support Files/Pods-Inspection/Pods-Inspection-resources.sh\"\n";
			showEnvVarsInLog = 0;
		};
/* End PBXShellScriptBuildPhase section */

/* Begin PBXSourcesBuildPhase section */
		471B2BBA241F901E000A902C /* Sources */ = {
			isa = PBXSourcesBuildPhase;
			buildActionMask = 2147483647;
			files = (
				8C43D8EF24643CD300B7CDED /* SummaryFirstViewController.swift in Sources */,
				4719EC622424DD4500A5508B /* ChecklistViewController.swift in Sources */,
				4713BC6A242228A500BD2BC7 /* BasicViewController.swift in Sources */,
				8C6AAA22247924DC00EE2961 /* CheckListStruct.swift in Sources */,
				8C43D8F124643D4200B7CDED /* LoginViewController.swift in Sources */,
				471B2BC2241F901E000A902C /* AppDelegate.swift in Sources */,
				0368C5992466E0E7006533D7 /* Helper.swift in Sources */,
				8CAD912A2461D28900968CB1 /* RollStruct.swift in Sources */,
				0368C58F2466A7A1006533D7 /* ImageListCollectionViewCell.swift in Sources */,
				8C43D8E224643C2900B7CDED /* BasicFirstViewController.swift in Sources */,
				8C3D5AFE2474397B00868934 /* AppConst.swift in Sources */,
				8C43D8E524643C5B00B7CDED /* RollsFirstCollectionViewCell.swift in Sources */,
				8C87A8DB2472E86300682CE2 /* SummaryStruct.swift in Sources */,
				8C43D8F724646AA200B7CDED /* InspectionDataModel.xcdatamodeld in Sources */,
				0317A03324631F5E00554E13 /* RollsThirdViewController.swift in Sources */,
				8C734F4A247A519A001B9A13 /* CheckListViewModel.swift in Sources */,
				0363D6B624668C7100B106FE /* SummaryBottomCollectionViewCell.swift in Sources */,
				0368C5962466DF9C006533D7 /* HomeHeaderCollectionViewCell.swift in Sources */,
				8CA977832479221B005DF36E /* CheckListCollectionViewCell.swift in Sources */,
				4713BC6C2422291E00BD2BC7 /* RollsViewController.swift in Sources */,
				4713BC652421F2B400BD2BC7 /* HomeViewController.swift in Sources */,
				8C45969A24669C9600D357E1 /* DataBaseHelper.swift in Sources */,
				8C43D8EE24643CD300B7CDED /* SummaryFirstCollectionViewCell.swift in Sources */,
				8C5CFB452474343A00E230AD /* WebServiceApi.swift in Sources */,
				8CF1F8FF24648B25001661F9 /* BasicFirstStruct.swift in Sources */,
				8C3D5AFC2474356F00868934 /* LoginViewModel.swift in Sources */,
				8C4596982466961200D357E1 /* RollsSecondViewController.swift in Sources */,
				8C8AEC65247587D70072A029 /* AppUserStruct.swift in Sources */,
				8C43D8E624643C5B00B7CDED /* RollsFirstViewController.swift in Sources */,
				0368C5942466DF80006533D7 /* HomeCollectionViewCell.swift in Sources */,
				8C4596962466895A00D357E1 /* RollDetailsCollectionViewCell.swift in Sources */,
				0317A03824646B0900554E13 /* SummaryRollDetailsCollectionViewCell.swift in Sources */,
				031D1CF52461C47E0027A17C /* BasicSecondViewController.swift in Sources */,
				8C8AEC67247588FA0072A029 /* AppSettings.swift in Sources */,
				8C43D8F32464454600B7CDED /* SummarySecondViewController.swift in Sources */,
				8C11D8602484C0F300998DBB /* SettingsViewController.swift in Sources */,
			);
			runOnlyForDeploymentPostprocessing = 0;
		};
/* End PBXSourcesBuildPhase section */

/* Begin PBXVariantGroup section */
		471B2BC5241F901E000A902C /* Main.storyboard */ = {
			isa = PBXVariantGroup;
			children = (
				471B2BC6241F901E000A902C /* Base */,
				8C495C222490DBF50015F2DB /* zh-Hans */,
			);
			name = Main.storyboard;
			sourceTree = "<group>";
		};
		471B2BCA241F901F000A902C /* LaunchScreen.storyboard */ = {
			isa = PBXVariantGroup;
			children = (
				471B2BCB241F901F000A902C /* Base */,
			);
			name = LaunchScreen.storyboard;
			sourceTree = "<group>";
		};
		8C495C1F2490DBE10015F2DB /* Localizable.strings */ = {
			isa = PBXVariantGroup;
			children = (
				8C495C202490DBE10015F2DB /* Base */,
				8C495C232490DBF60015F2DB /* zh-Hans */,
			);
			name = Localizable.strings;
			sourceTree = "<group>";
		};
/* End PBXVariantGroup section */

/* Begin XCBuildConfiguration section */
		471B2BCE241F901F000A902C /* Debug */ = {
			isa = XCBuildConfiguration;
			buildSettings = {
				ALWAYS_SEARCH_USER_PATHS = NO;
				CLANG_ANALYZER_LOCALIZABILITY_NONLOCALIZED = YES;
				CLANG_ANALYZER_NONNULL = YES;
				CLANG_ANALYZER_NUMBER_OBJECT_CONVERSION = YES_AGGRESSIVE;
				CLANG_CXX_LANGUAGE_STANDARD = "gnu++14";
				CLANG_CXX_LIBRARY = "libc++";
				CLANG_ENABLE_MODULES = YES;
				CLANG_ENABLE_OBJC_ARC = YES;
				CLANG_ENABLE_OBJC_WEAK = YES;
				CLANG_WARN_BLOCK_CAPTURE_AUTORELEASING = YES;
				CLANG_WARN_BOOL_CONVERSION = YES;
				CLANG_WARN_COMMA = YES;
				CLANG_WARN_CONSTANT_CONVERSION = YES;
				CLANG_WARN_DEPRECATED_OBJC_IMPLEMENTATIONS = YES;
				CLANG_WARN_DIRECT_OBJC_ISA_USAGE = YES_ERROR;
				CLANG_WARN_DOCUMENTATION_COMMENTS = YES;
				CLANG_WARN_EMPTY_BODY = YES;
				CLANG_WARN_ENUM_CONVERSION = YES;
				CLANG_WARN_INFINITE_RECURSION = YES;
				CLANG_WARN_INT_CONVERSION = YES;
				CLANG_WARN_NON_LITERAL_NULL_CONVERSION = YES;
				CLANG_WARN_OBJC_IMPLICIT_RETAIN_SELF = YES;
				CLANG_WARN_OBJC_LITERAL_CONVERSION = YES;
				CLANG_WARN_OBJC_ROOT_CLASS = YES_ERROR;
				CLANG_WARN_RANGE_LOOP_ANALYSIS = YES;
				CLANG_WARN_STRICT_PROTOTYPES = YES;
				CLANG_WARN_SUSPICIOUS_MOVE = YES;
				CLANG_WARN_UNGUARDED_AVAILABILITY = YES_AGGRESSIVE;
				CLANG_WARN_UNREACHABLE_CODE = YES;
				CLANG_WARN__DUPLICATE_METHOD_MATCH = YES;
				CODE_SIGN_IDENTITY = "iPhone Developer";
				COPY_PHASE_STRIP = NO;
				DEBUG_INFORMATION_FORMAT = dwarf;
				ENABLE_STRICT_OBJC_MSGSEND = YES;
				ENABLE_TESTABILITY = YES;
				GCC_C_LANGUAGE_STANDARD = gnu11;
				GCC_DYNAMIC_NO_PIC = NO;
				GCC_NO_COMMON_BLOCKS = YES;
				GCC_OPTIMIZATION_LEVEL = 0;
				GCC_PREPROCESSOR_DEFINITIONS = (
					"DEBUG=1",
					"$(inherited)",
				);
				GCC_WARN_64_TO_32_BIT_CONVERSION = YES;
				GCC_WARN_ABOUT_RETURN_TYPE = YES_ERROR;
				GCC_WARN_UNDECLARED_SELECTOR = YES;
				GCC_WARN_UNINITIALIZED_AUTOS = YES_AGGRESSIVE;
				GCC_WARN_UNUSED_FUNCTION = YES;
				GCC_WARN_UNUSED_VARIABLE = YES;
				IPHONEOS_DEPLOYMENT_TARGET = 11.0;
				MTL_ENABLE_DEBUG_INFO = INCLUDE_SOURCE;
				MTL_FAST_MATH = YES;
				ONLY_ACTIVE_ARCH = YES;
				SDKROOT = iphoneos;
				SWIFT_ACTIVE_COMPILATION_CONDITIONS = DEBUG;
				SWIFT_OPTIMIZATION_LEVEL = "-Onone";
			};
			name = Debug;
		};
		471B2BCF241F901F000A902C /* Release */ = {
			isa = XCBuildConfiguration;
			buildSettings = {
				ALWAYS_SEARCH_USER_PATHS = NO;
				CLANG_ANALYZER_LOCALIZABILITY_NONLOCALIZED = YES;
				CLANG_ANALYZER_NONNULL = YES;
				CLANG_ANALYZER_NUMBER_OBJECT_CONVERSION = YES_AGGRESSIVE;
				CLANG_CXX_LANGUAGE_STANDARD = "gnu++14";
				CLANG_CXX_LIBRARY = "libc++";
				CLANG_ENABLE_MODULES = YES;
				CLANG_ENABLE_OBJC_ARC = YES;
				CLANG_ENABLE_OBJC_WEAK = YES;
				CLANG_WARN_BLOCK_CAPTURE_AUTORELEASING = YES;
				CLANG_WARN_BOOL_CONVERSION = YES;
				CLANG_WARN_COMMA = YES;
				CLANG_WARN_CONSTANT_CONVERSION = YES;
				CLANG_WARN_DEPRECATED_OBJC_IMPLEMENTATIONS = YES;
				CLANG_WARN_DIRECT_OBJC_ISA_USAGE = YES_ERROR;
				CLANG_WARN_DOCUMENTATION_COMMENTS = YES;
				CLANG_WARN_EMPTY_BODY = YES;
				CLANG_WARN_ENUM_CONVERSION = YES;
				CLANG_WARN_INFINITE_RECURSION = YES;
				CLANG_WARN_INT_CONVERSION = YES;
				CLANG_WARN_NON_LITERAL_NULL_CONVERSION = YES;
				CLANG_WARN_OBJC_IMPLICIT_RETAIN_SELF = YES;
				CLANG_WARN_OBJC_LITERAL_CONVERSION = YES;
				CLANG_WARN_OBJC_ROOT_CLASS = YES_ERROR;
				CLANG_WARN_RANGE_LOOP_ANALYSIS = YES;
				CLANG_WARN_STRICT_PROTOTYPES = YES;
				CLANG_WARN_SUSPICIOUS_MOVE = YES;
				CLANG_WARN_UNGUARDED_AVAILABILITY = YES_AGGRESSIVE;
				CLANG_WARN_UNREACHABLE_CODE = YES;
				CLANG_WARN__DUPLICATE_METHOD_MATCH = YES;
				CODE_SIGN_IDENTITY = "iPhone Developer";
				COPY_PHASE_STRIP = NO;
				DEBUG_INFORMATION_FORMAT = "dwarf-with-dsym";
				ENABLE_NS_ASSERTIONS = NO;
				ENABLE_STRICT_OBJC_MSGSEND = YES;
				GCC_C_LANGUAGE_STANDARD = gnu11;
				GCC_NO_COMMON_BLOCKS = YES;
				GCC_WARN_64_TO_32_BIT_CONVERSION = YES;
				GCC_WARN_ABOUT_RETURN_TYPE = YES_ERROR;
				GCC_WARN_UNDECLARED_SELECTOR = YES;
				GCC_WARN_UNINITIALIZED_AUTOS = YES_AGGRESSIVE;
				GCC_WARN_UNUSED_FUNCTION = YES;
				GCC_WARN_UNUSED_VARIABLE = YES;
				IPHONEOS_DEPLOYMENT_TARGET = 11.0;
				MTL_ENABLE_DEBUG_INFO = NO;
				MTL_FAST_MATH = YES;
				SDKROOT = iphoneos;
				SWIFT_COMPILATION_MODE = wholemodule;
				SWIFT_OPTIMIZATION_LEVEL = "-O";
				VALIDATE_PRODUCT = YES;
			};
			name = Release;
		};
		471B2BD1241F901F000A902C /* Debug */ = {
			isa = XCBuildConfiguration;
			baseConfigurationReference = A5BA398F8F3B401D4F739B1C /* Pods-Inspection.debug.xcconfig */;
			buildSettings = {
				ASSETCATALOG_COMPILER_APPICON_NAME = AppIcon;
				CODE_SIGN_IDENTITY = "iPhone Distribution";
				CODE_SIGN_STYLE = Manual;
				DEVELOPMENT_TEAM = 8QXP3K9MLP;
				INFOPLIST_FILE = Inspection/Info.plist;
				IPHONEOS_DEPLOYMENT_TARGET = 11.4;
				LD_RUNPATH_SEARCH_PATHS = (
					"$(inherited)",
					"@executable_path/Frameworks",
				);
				PRODUCT_BUNDLE_IDENTIFIER = com.CastWield.InspectionApp;
				PRODUCT_NAME = "$(TARGET_NAME)";
				PROVISIONING_PROFILE_SPECIFIER = Inspection_Adhoc;
				SWIFT_VERSION = 5.0;
				TARGETED_DEVICE_FAMILY = "1,2";
			};
			name = Debug;
		};
		471B2BD2241F901F000A902C /* Release */ = {
			isa = XCBuildConfiguration;
			baseConfigurationReference = D76B5DF36B9A605AAE4855E8 /* Pods-Inspection.release.xcconfig */;
			buildSettings = {
				ASSETCATALOG_COMPILER_APPICON_NAME = AppIcon;
				CODE_SIGN_IDENTITY = "iPhone Distribution";
				CODE_SIGN_STYLE = Manual;
				DEVELOPMENT_TEAM = 8QXP3K9MLP;
				INFOPLIST_FILE = Inspection/Info.plist;
				IPHONEOS_DEPLOYMENT_TARGET = 11.4;
				LD_RUNPATH_SEARCH_PATHS = (
					"$(inherited)",
					"@executable_path/Frameworks",
				);
				PRODUCT_BUNDLE_IDENTIFIER = com.CastWield.InspectionApp;
				PRODUCT_NAME = "$(TARGET_NAME)";
				PROVISIONING_PROFILE_SPECIFIER = Inspection_Adhoc;
				SWIFT_VERSION = 5.0;
				TARGETED_DEVICE_FAMILY = "1,2";
			};
			name = Release;
		};
/* End XCBuildConfiguration section */

/* Begin XCConfigurationList section */
		471B2BB9241F901E000A902C /* Build configuration list for PBXProject "Inspection" */ = {
			isa = XCConfigurationList;
			buildConfigurations = (
				471B2BCE241F901F000A902C /* Debug */,
				471B2BCF241F901F000A902C /* Release */,
			);
			defaultConfigurationIsVisible = 0;
			defaultConfigurationName = Release;
		};
		471B2BD0241F901F000A902C /* Build configuration list for PBXNativeTarget "Inspection" */ = {
			isa = XCConfigurationList;
			buildConfigurations = (
				471B2BD1241F901F000A902C /* Debug */,
				471B2BD2241F901F000A902C /* Release */,
			);
			defaultConfigurationIsVisible = 0;
			defaultConfigurationName = Release;
		};
/* End XCConfigurationList section */

/* Begin XCVersionGroup section */
		8C43D8F524646AA200B7CDED /* InspectionDataModel.xcdatamodeld */ = {
			isa = XCVersionGroup;
			children = (
				8C43D8F624646AA200B7CDED /* InspectionDataModel.xcdatamodel */,
			);
			currentVersion = 8C43D8F624646AA200B7CDED /* InspectionDataModel.xcdatamodel */;
			path = InspectionDataModel.xcdatamodeld;
			sourceTree = "<group>";
			versionGroupType = wrapper.xcdatamodel;
		};
/* End XCVersionGroup section */
	};
	rootObject = 471B2BB6241F901E000A902C /* Project object */;
}
